# This file is automatically @generated by Cargo.
# It is not intended for manual editing.
version = 4

[[package]]
name = "aho-corasick"
version = "1.1.4"
source = "registry+https://github.com/rust-lang/crates.io-index"
checksum = "ddd31a130427c27518df266943a5308ed92d4b226cc639f5a8f1002816174301"
dependencies = [
 "memchr",
]

[[package]]
name = "allocator-api2"
version = "0.2.21"
source = "registry+https://github.com/rust-lang/crates.io-index"
checksum = "683d7910e743518b0e34f1186f92494becacb047c7b6bf616c96772180fef923"

[[package]]
name = "autocfg"
version = "1.5.1"
source = "registry+https://github.com/rust-lang/crates.io-index"
checksum = "f2032f911046de80f0a198e0901378627c33f59ea0ac00e363d481118bd70a53"

[[package]]
name = "bitflags"
version = "2.9.1"
source = "registry+https://github.com/rust-lang/crates.io-index"
checksum = "1b8e56985ec62d17e9c1001dc89c88ecd7dc08e47eba5ec7c29c7b5eeecde967"

[[package]]
name = "byteorder"
version = "1.5.0"
source = "registry+https://github.com/rust-lang/crates.io-index"
checksum = "1fd0f2584146f6f2ef48085050886acf353beff7305ebd1ae69500e27c67f64b"

[[package]]
name = "cargo-husky"
version = "1.5.0"
source = "registry+https://github.com/rust-lang/crates.io-index"
checksum = "7b02b629252fe8ef6460461409564e2c21d0c8e77e0944f3d189ff06c4e932ad"

[[package]]
name = "const-fnv1a-hash"
version = "1.1.0"
source = "registry+https://github.com/rust-lang/crates.io-index"
checksum = "32b13ea120a812beba79e34316b3942a857c86ec1593cb34f27bb28272ce2cca"

[[package]]
name = "equivalent"
version = "1.0.2"
source = "registry+https://github.com/rust-lang/crates.io-index"
checksum = "877a4ace8713b0bcf2a4e7eec82529c029f1d0619886d18145fea96c3ffe5c0f"

[[package]]
name = "facet"
version = "0.28.0"
source = "registry+https://github.com/rust-lang/crates.io-index"
checksum = "3290e0be77e9eeca366489c3b4010764dc897a83e5936a93857c3937f47a57aa"
dependencies = [
 "facet-core 0.28.0",
 "facet-macros",
 "static_assertions",
]

[[package]]
name = "facet-core"
version = "0.28.0"
source = "registry+https://github.com/rust-lang/crates.io-index"
checksum = "8643770dc61323e6ae5620f336f4c4fc283a6bf39e6701fed32efa747fba5a6a"
dependencies = [
 "bitflags",
 "impls",
]

[[package]]
name = "facet-core"
version = "0.46.5"
source = "registry+https://github.com/rust-lang/crates.io-index"
checksum = "c33cf9d80307e9a29f93e5a65ddb65b227b5fa082d649c65d4083345f5d398d0"
dependencies = [
 "autocfg",
 "const-fnv1a-hash",
 "iddqd",
 "impls",
]

[[package]]
name = "facet-inspect"
version = "0.28.0"
dependencies = [
 "cargo-husky",
 "facet",
 "facet-reflect",
]

[[package]]
name = "facet-macros"
version = "0.28.0"
source = "registry+https://github.com/rust-lang/crates.io-index"
checksum = "7eb526288148251e984f3a9ab3cef5191ca1da34a45fb5c548781e7053148e19"
dependencies = [
 "facet-core 0.28.0",
 "facet-macros-emit",
]

[[package]]
name = "facet-macros-emit"
version = "0.28.0"
source = "registry+https://github.com/rust-lang/crates.io-index"
checksum = "52619b4834e81068fd915795c297e52f894a18742581627568d451e39dd1c906"
dependencies = [
 "facet-macros-parse",
 "quote",
]

[[package]]
name = "facet-macros-parse"
version = "0.28.0"
source = "registry+https://github.com/rust-lang/crates.io-index"
checksum = "e6097c15775794dd66eb69cd4614be654877e3e6e4a93ca0d0440236c1798f0b"
dependencies = [
 "proc-macro2",
 "quote",
 "unsynn",
]

[[package]]
name = "facet-path"
version = "0.46.5"
source = "registry+https://github.com/rust-lang/crates.io-index"
checksum = "20670a58be24eb604b76ed3a9ca719e5cc5e11b0885dc3847ebb899aa95bf1bc"
dependencies = [
 "facet-core 0.46.5",
]

[[package]]
name = "facet-reflect"
version = "0.46.5"
source = "registry+https://github.com/rust-lang/crates.io-index"
checksum = "399876f2bded4a572385dc414336aad0002ce4b4154cd0d1cfe9d1881243c400"
dependencies = [
 "facet-core 0.46.5",
 "facet-path",
 "hashbrown 0.17.1",
 "regex",
 "smallvec",
]

[[package]]
name = "foldhash"
version = "0.2.0"
source = "registry+https://github.com/rust-lang/crates.io-index"
checksum = "77ce24cb58228fbb8aa041425bb1050850ac19177686ea6e0f41a70416f56fdb"

[[package]]
name = "fxhash"
version = "0.2.1"
source = "registry+https://github.com/rust-lang/crates.io-index"
checksum = "c31b6d751ae2c7f11320402d34e41349dd1016f8d5d45e48c4312bc8625af50c"
dependencies = [
 "byteorder",
]

[[package]]
name = "hashbrown"
version = "0.16.1"
source = "registry+https://github.com/rust-lang/crates.io-index"
checksum = "841d1cc9bed7f9236f321df977030373f4a4163ae1a7dbfe1a51a2c1a51d9100"
dependencies = [
 "allocator-api2",
]

[[package]]
name = "hashbrown"
version = "0.17.1"
source = "registry+https://github.com/rust-lang/crates.io-index"
checksum = "ed5909b6e89a2db4456e54cd5f673791d7eca6732202bbf2a9cc504fe2f9b84a"
dependencies = [
 "allocator-api2",
 "equivalent",
 "foldhash",
]

[[package]]
name = "iddqd"
version = "0.4.2"
source = "registry+https://github.com/rust-lang/crates.io-index"
checksum = "d7721c885a97a7c67bc8645958710f3f43b5e7ad8644ce6f43b188a77f05fda7"
dependencies = [
 "allocator-api2",
 "equivalent",
 "foldhash",
 "hashbrown 0.16.1",
]

[[package]]
name = "impls"
version = "1.0.3"
source = "registry+https://github.com/rust-lang/crates.io-index"
checksum = "7a46645bbd70538861a90d0f26c31537cdf1e44aae99a794fb75a664b70951bc"

[[package]]
name = "memchr"
version = "2.8.1"
source = "registry+https://github.com/rust-lang/crates.io-index"
checksum = "6b947ae49db0d222b1dbc6b113ce7248a3fc3a6ca21b696717bfc000ba4484d8"

[[package]]
name = "mutants"
version = "0.0.3"
source = "registry+https://github.com/rust-lang/crates.io-index"
checksum = "bc0287524726960e07b119cebd01678f852f147742ae0d925e6a520dca956126"

[[package]]
name = "proc-macro2"
version = "1.0.95"
source = "registry+https://github.com/rust-lang/crates.io-index"
checksum = "02b3e5e68a3a1a02aad3ec490a98007cbc13c37cbe84a3cd7b8e406d76e7f778"
dependencies = [
 "unicode-ident",
]

[[package]]
name = "quote"
version = "1.0.40"
source = "registry+https://github.com/rust-lang/crates.io-index"
checksum = "1885c039570dc00dcb4ff087a89e185fd56bae234ddc7f056a945bf36467248d"
dependencies = [
 "proc-macro2",
]

[[package]]
name = "regex"
version = "1.12.3"
source = "registry+https://github.com/rust-lang/crates.io-index"
checksum = "e10754a14b9137dd7b1e3e5b0493cc9171fdd105e0ab477f51b72e7f3ac0e276"
dependencies = [
 "aho-corasick",
 "memchr",
 "regex-automata",
 "regex-syntax",
]

[[package]]
name = "regex-automata"
version = "0.4.14"
source = "registry+https://github.com/rust-lang/crates.io-index"
checksum = "6e1dd4122fc1595e8162618945476892eefca7b88c52820e74af6262213cae8f"
dependencies = [
 "aho-corasick",
 "memchr",
 "regex-syntax",
]

[[package]]
name = "regex-syntax"
version = "0.8.10"
source = "registry+https://github.com/rust-lang/crates.io-index"
checksum = "dc897dd8d9e8bd1ed8cdad82b5966c3e0ecae09fb1907d58efaa013543185d0a"

[[package]]
name = "shadow_counted"
version = "0.4.0"
source = "registry+https://github.com/rust-lang/crates.io-index"
checksum = "65da48d447333cebe1aadbdd3662f3ba56e76e67f53bc46f3dd5f67c74629d6b"

[[package]]
name = "smallvec"
version = "2.0.0-alpha.12"
source = "registry+https://github.com/rust-lang/crates.io-index"
checksum = "ef784004ca8777809dcdad6ac37629f0a97caee4c685fcea805278d81dd8b857"

[[package]]
name = "static_assertions"
version = "1.1.0"
source = "registry+https://github.com/rust-lang/crates.io-index"
checksum = "a2eb9349b6444b326872e140eb1cf5e7c522154d69e7a0ffb0fb81c06b37543f"

[[package]]
name = "unicode-ident"
version = "1.0.18"
source = "registry+https://github.com/rust-lang/crates.io-index"
checksum = "5a5f39404a5da50712a4c1eecf25e90dd62b613502b7e925fd4e4d19b5c96512"

[[package]]
name = "unsynn"
version = "0.1.1"
source = "registry+https://github.com/rust-lang/crates.io-index"
checksum = "7940603a9e25cf11211cc43b81f4fcad2b8ab4df291ca855f32c40e1ac22d5bc"
dependencies = [
 "fxhash",
 "mutants",
 "proc-macro2",
 "shadow_counted",
]
